
Microsoft Visual Studio Solution File, Format Version 12.00
# Visual Studio Version 17
VisualStudioVersion = 17.0.31919.166
MinimumVisualStudioVersion = 10.0.40219.1
Project("{FAE04EC0-301F-11D3-BF4B-00C04F79EFBC}") = "AdventOfCode2021", "AdventOfCode2021\AdventOfCode2021.csproj", "{0A5DD1B9-E6C0-40EA-A487-9A564EB203EF}"
EndProject
Project("{FAE04EC0-301F-11D3-BF4B-00C04F79EFBC}") = "AdventOfCode2021.Test", "AdventOfCode2021.Test\AdventOfCode2021.Test.csproj", "{F20937B2-8CA7-48C9-B32B-B81D3CE229DD}"
EndProject
Global
	GlobalSection(SolutionConfigurationPlatforms) = preSolution
		Debug|Any CPU = Debug|Any CPU
		Release|Any CPU = Release|Any CPU
	EndGlobalSection
	GlobalSection(ProjectConfigurationPlatforms) = postSolution
		{0A5DD1B9-E6C0-40EA-A487-9A564EB203EF}.Debug|Any CPU.ActiveCfg = Debug|Any CPU
		{0A5DD1B9-E6C0-40EA-A487-9A564EB203EF}.Debug|Any CPU.Build.0 = Debug|Any CPU
		{0A5DD1B9-E6C0-40EA-A487-9A564EB203EF}.Release|Any CPU.ActiveCfg = Release|Any CPU
		{0A5DD1B9-E6C0-40EA-A487-9A564EB203EF}.Release|Any CPU.Build.0 = Release|Any CPU
		{F20937B2-8CA7-48C9-B32B-B81D3CE229DD}.Debug|Any CPU.ActiveCfg = Debug|Any CPU
		{F20937B2-8CA7-48C9-B32B-B81D3CE229DD}.Debug|Any CPU.Build.0 = Debug|Any CPU
		{F20937B2-8CA7-48C9-B32B-B81D3CE229DD}.Release|Any CPU.ActiveCfg = Release|Any CPU
		{F20937B2-8CA7-48C9-B32B-B81D3CE229DD}.Release|Any CPU.Build.0 = Release|Any CPU
	EndGlobalSection
	GlobalSection(SolutionProperties) = preSolution
		HideSolutionNode = FALSE
	EndGlobalSection
	GlobalSection(ExtensibilityGlobals) = postSolution
		SolutionGuid = {7FB00E1A-048B-4AC3-A617-D5414FAB6A5E}
	EndGlobalSection
EndGlobal
